
Microsoft Visual Studio Solution File, Format Version 11.00
# Visual Studio 2010
Project("{FAE04EC0-301F-11D3-BF4B-00C04F79EFBC}") = "ld39", "Assembly-CSharp-firstpass.csproj", "{49877651-0FC6-AF91-04EB-F20D34A0D57E}"
EndProject
Project("{FAE04EC0-301F-11D3-BF4B-00C04F79EFBC}") = "ld39", "Assembly-CSharp.csproj", "{5266CFA7-ACDA-6AEA-E610-AECCBFCAB30A}"
EndProject
Global
	GlobalSection(SolutionConfigurationPlatforms) = preSolution
		Debug|Any CPU = Debug|Any CPU
		Release|Any CPU = Release|Any CPU
	EndGlobalSection
	GlobalSection(ProjectConfigurationPlatforms) = postSolution
		{49877651-0FC6-AF91-04EB-F20D34A0D57E}.Debug|Any CPU.ActiveCfg = Debug|Any CPU
		{49877651-0FC6-AF91-04EB-F20D34A0D57E}.Debug|Any CPU.Build.0 = Debug|Any CPU
		{49877651-0FC6-AF91-04EB-F20D34A0D57E}.Release|Any CPU.ActiveCfg = Release|Any CPU
		{49877651-0FC6-AF91-04EB-F20D34A0D57E}.Release|Any CPU.Build.0 = Release|Any CPU
		{5266CFA7-ACDA-6AEA-E610-AECCBFCAB30A}.Debug|Any CPU.ActiveCfg = Debug|Any CPU
		{5266CFA7-ACDA-6AEA-E610-AECCBFCAB30A}.Debug|Any CPU.Build.0 = Debug|Any CPU
		{5266CFA7-ACDA-6AEA-E610-AECCBFCAB30A}.Release|Any CPU.ActiveCfg = Release|Any CPU
		{5266CFA7-ACDA-6AEA-E610-AECCBFCAB30A}.Release|Any CPU.Build.0 = Release|Any CPU
	EndGlobalSection
	GlobalSection(SolutionProperties) = preSolution
		HideSolutionNode = FALSE
	EndGlobalSection
	GlobalSection(MonoDevelopProperties) = preSolution
		StartupItem = Assembly-CSharp.csproj
	EndGlobalSection
EndGlobal
